// !$*UTF8*$!
{
	archiveVersion = 1;
	classes = {
	};
	objectVersion = 46;
	objects = {

/* Begin PBXBuildFile section */
		80710A621B7E23D700F343F3 /* main.m in Sources */ = {isa = PBXBuildFile; fileRef = 80710A611B7E23D700F343F3 /* main.m */; };
		80710A651B7E23D700F343F3 /* AppDelegate.m in Sources */ = {isa = PBXBuildFile; fileRef = 80710A641B7E23D700F343F3 /* AppDelegate.m */; };
		80710A681B7E23D700F343F3 /* ViewController.m in Sources */ = {isa = PBXBuildFile; fileRef = 80710A671B7E23D700F343F3 /* ViewController.m */; };
		80710A6B1B7E23D700F343F3 /* Main.storyboard in Resources */ = {isa = PBXBuildFile; fileRef = 80710A691B7E23D700F343F3 /* Main.storyboard */; };
		80710A6D1B7E23D700F343F3 /* Images.xcassets in Resources */ = {isa = PBXBuildFile; fileRef = 80710A6C1B7E23D700F343F3 /* Images.xcassets */; };
		80710A701B7E23D700F343F3 /* LaunchScreen.xib in Resources */ = {isa = PBXBuildFile; fileRef = 80710A6E1B7E23D700F343F3 /* LaunchScreen.xib */; };
		80710A7C1B7E23D700F343F3 /* SearchDemoTests.m in Sources */ = {isa = PBXBuildFile; fileRef = 80710A7B1B7E23D700F343F3 /* SearchDemoTests.m */; };
		80710A8F1B7E248200F343F3 /* Bank.m in Sources */ = {isa = PBXBuildFile; fileRef = 80710A881B7E248200F343F3 /* Bank.m */; };
		80710A901B7E248200F343F3 /* banks.txt in Resources */ = {isa = PBXBuildFile; fileRef = 80710A891B7E248200F343F3 /* banks.txt */; };
		80710A911B7E248200F343F3 /* SearchViewController+Event.m in Sources */ = {isa = PBXBuildFile; fileRef = 80710A8B1B7E248200F343F3 /* SearchViewController+Event.m */; };
		80710A921B7E248200F343F3 /* SearchViewController.m in Sources */ = {isa = PBXBuildFile; fileRef = 80710A8D1B7E248200F343F3 /* SearchViewController.m */; };
		80710A931B7E248200F343F3 /* SearchViewController.xib in Resources */ = {isa = PBXBuildFile; fileRef = 80710A8E1B7E248200F343F3 /* SearchViewController.xib */; };
/* End PBXBuildFile section */

/* Begin PBXContainerItemProxy section */
		80710A761B7E23D700F343F3 /* PBXContainerItemProxy */ = {
			isa = PBXContainerItemProxy;
			containerPortal = 80710A541B7E23D700F343F3 /* Project object */;
			proxyType = 1;
			remoteGlobalIDString = 80710A5B1B7E23D700F343F3;
			remoteInfo = SearchDemo;
		};
/* End PBXContainerItemProxy section */

/* Begin PBXFileReference section */
		80710A5C1B7E23D700F343F3 /* SearchDemo.app */ = {isa = PBXFileReference; explicitFileType = wrapper.application; includeInIndex = 0; path = SearchDemo.app; sourceTree = BUILT_PRODUCTS_DIR; };
		80710A601B7E23D700F343F3 /* Info.plist */ = {isa = PBXFileReference; lastKnownFileType = text.plist.xml; path = Info.plist; sourceTree = "<group>"; };
		80710A611B7E23D700F343F3 /* main.m */ = {isa = PBXFileReference; lastKnownFileType = sourcecode.c.objc; path = main.m; sourceTree = "<group>"; };
		80710A631B7E23D700F343F3 /* AppDelegate.h */ = {isa = PBXFileReference; lastKnownFileType = sourcecode.c.h; path = AppDelegate.h; sourceTree = "<group>"; };
		80710A641B7E23D700F343F3 /* AppDelegate.m */ = {isa = PBXFileReference; lastKnownFileType = sourcecode.c.objc; path = AppDelegate.m; sourceTree = "<group>"; };
		80710A661B7E23D700F343F3 /* ViewController.h */ = {isa = PBXFileReference; lastKnownFileType = sourcecode.c.h; path = ViewController.h; sourceTree = "<group>"; };
		80710A671B7E23D700F343F3 /* ViewController.m */ = {isa = PBXFileReference; lastKnownFileType = sourcecode.c.objc; path = ViewController.m; sourceTree = "<group>"; };
		80710A6A1B7E23D700F343F3 /* Base */ = {isa = PBXFileReference; lastKnownFileType = file.storyboard; name = Base; path = Base.lproj/Main.storyboard; sourceTree = "<group>"; };
		80710A6C1B7E23D700F343F3 /* Images.xcassets */ = {isa = PBXFileReference; lastKnownFileType = folder.assetcatalog; path = Images.xcassets; sourceTree = "<group>"; };
		80710A6F1B7E23D700F343F3 /* Base */ = {isa = PBXFileReference; lastKnownFileType = file.xib; name = Base; path = Base.lproj/LaunchScreen.xib; sourceTree = "<group>"; };
		80710A751B7E23D700F343F3 /* SearchDemoTests.xctest */ = {isa = PBXFileReference; explicitFileType = wrapper.cfbundle; includeInIndex = 0; path = SearchDemoTests.xctest; sourceTree = BUILT_PRODUCTS_DIR; };
		80710A7A1B7E23D700F343F3 /* Info.plist */ = {isa = PBXFileReference; lastKnownFileType = text.plist.xml; path = Info.plist; sourceTree = "<group>"; };
		80710A7B1B7E23D700F343F3 /* SearchDemoTests.m */ = {isa = PBXFileReference; lastKnownFileType = sourcecode.c.objc; path = SearchDemoTests.m; sourceTree = "<group>"; };
		80710A871B7E248200F343F3 /* Bank.h */ = {isa = PBXFileReference; fileEncoding = 4; lastKnownFileType = sourcecode.c.h; path = Bank.h; sourceTree = "<group>"; };
		80710A881B7E248200F343F3 /* Bank.m */ = {isa = PBXFileReference; fileEncoding = 4; lastKnownFileType = sourcecode.c.objc; path = Bank.m; sourceTree = "<group>"; };
		80710A891B7E248200F343F3 /* banks.txt */ = {isa = PBXFileReference; fileEncoding = 4; lastKnownFileType = text; path = banks.txt; sourceTree = "<group>"; };
		80710A8A1B7E248200F343F3 /* SearchViewController+Event.h */ = {isa = PBXFileReference; fileEncoding = 4; lastKnownFileType = sourcecode.c.h; path = "SearchViewController+Event.h"; sourceTree = "<group>"; };
		80710A8B1B7E248200F343F3 /* SearchViewController+Event.m */ = {isa = PBXFileReference; fileEncoding = 4; lastKnownFileType = sourcecode.c.objc; path = "SearchViewController+Event.m"; sourceTree = "<group>"; };
		80710A8C1B7E248200F343F3 /* SearchViewController.h */ = {isa = PBXFileReference; fileEncoding = 4; lastKnownFileType = sourcecode.c.h; path = SearchViewController.h; sourceTree = "<group>"; };
		80710A8D1B7E248200F343F3 /* SearchViewController.m */ = {isa = PBXFileReference; fileEncoding = 4; lastKnownFileType = sourcecode.c.objc; path = SearchViewController.m; sourceTree = "<group>"; };
		80710A8E1B7E248200F343F3 /* SearchViewController.xib */ = {isa = PBXFileReference; fileEncoding = 4; lastKnownFileType = file.xib; path = SearchViewController.xib; sourceTree = "<group>"; };
/* End PBXFileReference section */

/* Begin PBXFrameworksBuildPhase section */
		80710A591B7E23D700F343F3 /* Frameworks */ = {
			isa = PBXFrameworksBuildPhase;
			buildActionMask = 2147483647;
			files = (
			);
			runOnlyForDeploymentPostprocessing = 0;
		};
		80710A721B7E23D700F343F3 /* Frameworks */ = {
			isa = PBXFrameworksBuildPhase;
			buildActionMask = 2147483647;
			files = (
			);
			runOnlyForDeploymentPostprocessing = 0;
		};
/* End PBXFrameworksBuildPhase section */

/* Begin PBXGroup section */
		80710A531B7E23D700F343F3 = {
			isa = PBXGroup;
			children = (
				80710A5E1B7E23D700F343F3 /* SearchDemo */,
				80710A781B7E23D700F343F3 /* SearchDemoTests */,
				80710A5D1B7E23D700F343F3 /* Products */,
			);
			sourceTree = "<group>";
		};
		80710A5D1B7E23D700F343F3 /* Products */ = {
			isa = PBXGroup;
			children = (
				80710A5C1B7E23D700F343F3 /* SearchDemo.app */,
				80710A751B7E23D700F343F3 /* SearchDemoTests.xctest */,
			);
			name = Products;
			sourceTree = "<group>";
		};
		80710A5E1B7E23D700F343F3 /* SearchDemo */ = {
			isa = PBXGroup;
			children = (
				80710A631B7E23D700F343F3 /* AppDelegate.h */,
				80710A641B7E23D700F343F3 /* AppDelegate.m */,
				80710A661B7E23D700F343F3 /* ViewController.h */,
				80710A671B7E23D700F343F3 /* ViewController.m */,
				80710A691B7E23D700F343F3 /* Main.storyboard */,
				80710A6C1B7E23D700F343F3 /* Images.xcassets */,
				80710A6E1B7E23D700F343F3 /* LaunchScreen.xib */,
				80710A851B7E248200F343F3 /* Controller */,
				80710A5F1B7E23D700F343F3 /* Supporting Files */,
			);
			path = SearchDemo;
			sourceTree = "<group>";
		};
		80710A5F1B7E23D700F343F3 /* Supporting Files */ = {
			isa = PBXGroup;
			children = (
				80710A601B7E23D700F343F3 /* Info.plist */,
				80710A611B7E23D700F343F3 /* main.m */,
			);
			name = "Supporting Files";
			sourceTree = "<group>";
		};
		80710A781B7E23D700F343F3 /* SearchDemoTests */ = {
			isa = PBXGroup;
			children = (
				80710A7B1B7E23D700F343F3 /* SearchDemoTests.m */,
				80710A791B7E23D700F343F3 /* Supporting Files */,
			);
			path = SearchDemoTests;
			sourceTree = "<group>";
		};
		80710A791B7E23D700F343F3 /* Supporting Files */ = {
			isa = PBXGroup;
			children = (
				80710A7A1B7E23D700F343F3 /* Info.plist */,
			);
			name = "Supporting Files";
			sourceTree = "<group>";
		};
		80710A851B7E248200F343F3 /* Controller */ = {
			isa = PBXGroup;
			children = (
				80710A861B7E248200F343F3 /* Search */,
			);
			path = Controller;
			sourceTree = "<group>";
		};
		80710A861B7E248200F343F3 /* Search */ = {
			isa = PBXGroup;
			children = (
				80710A871B7E248200F343F3 /* Bank.h */,
				80710A881B7E248200F343F3 /* Bank.m */,
				80710A891B7E248200F343F3 /* banks.txt */,
				80710A8C1B7E248200F343F3 /* SearchViewController.h */,
				80710A8D1B7E248200F343F3 /* SearchViewController.m */,
				80710A8A1B7E248200F343F3 /* SearchViewController+Event.h */,
				80710A8B1B7E248200F343F3 /* SearchViewController+Event.m */,
				80710A8E1B7E248200F343F3 /* SearchViewController.xib */,
			);
			path = Search;
			sourceTree = "<group>";
		};
/* End PBXGroup section */

/* Begin PBXNativeTarget section */
		80710A5B1B7E23D700F343F3 /* SearchDemo */ = {
			isa = PBXNativeTarget;
			buildConfigurationList = 80710A7F1B7E23D700F343F3 /* Build configuration list for PBXNativeTarget "SearchDemo" */;
			buildPhases = (
				80710A581B7E23D700F343F3 /* Sources */,
				80710A591B7E23D700F343F3 /* Frameworks */,
				80710A5A1B7E23D700F343F3 /* Resources */,
			);
			buildRules = (
			);
			dependencies = (
			);
			name = SearchDemo;
			productName = SearchDemo;
			productReference = 80710A5C1B7E23D700F343F3 /* SearchDemo.app */;
			productType = "com.apple.product-type.application";
		};
		80710A741B7E23D700F343F3 /* SearchDemoTests */ = {
			isa = PBXNativeTarget;
			buildConfigurationList = 80710A821B7E23D700F343F3 /* Build configuration list for PBXNativeTarget "SearchDemoTests" */;
			buildPhases = (
				80710A711B7E23D700F343F3 /* Sources */,
				80710A721B7E23D700F343F3 /* Frameworks */,
				80710A731B7E23D700F343F3 /* Resources */,
			);
			buildRules = (
			);
			dependencies = (
				80710A771B7E23D700F343F3 /* PBXTargetDependency */,
			);
			name = SearchDemoTests;
			productName = SearchDemoTests;
			productReference = 80710A751B7E23D700F343F3 /* SearchDemoTests.xctest */;
			productType = "com.apple.product-type.bundle.unit-test";
		};
/* End PBXNativeTarget section */

/* Begin PBXProject section */
		80710A541B7E23D700F343F3 /* Project object */ = {
			isa = PBXProject;
			attributes = {
				LastUpgradeCheck = 0640;
				ORGANIZATIONNAME = ciyouzen;
				TargetAttributes = {
					80710A5B1B7E23D700F343F3 = {
						CreatedOnToolsVersion = 6.4;
					};
					80710A741B7E23D700F343F3 = {
						CreatedOnToolsVersion = 6.4;
						TestTargetID = 80710A5B1B7E23D700F343F3;
					};
				};
			};
			buildConfigurationList = 80710A571B7E23D700F343F3 /* Build configuration list for PBXProject "SearchDemo" */;
			compatibilityVersion = "Xcode 3.2";
			developmentRegion = English;
			hasScannedForEncodings = 0;
			knownRegions = (
				en,
				Base,
			);
			mainGroup = 80710A531B7E23D700F343F3;
			productRefGroup = 80710A5D1B7E23D700F343F3 /* Products */;
			projectDirPath = "";
			projectRoot = "";
			targets = (
				80710A5B1B7E23D700F343F3 /* SearchDemo */,
				80710A741B7E23D700F343F3 /* SearchDemoTests */,
			);
		};
/* End PBXProject section */

/* Begin PBXResourcesBuildPhase section */
		80710A5A1B7E23D700F343F3 /* Resources */ = {
			isa = PBXResourcesBuildPhase;
			buildActionMask = 2147483647;
			files = (
				80710A6B1B7E23D700F343F3 /* Main.storyboard in Resources */,
				80710A701B7E23D700F343F3 /* LaunchScreen.xib in Resources */,
				80710A901B7E248200F343F3 /* banks.txt in Resources */,
				80710A931B7E248200F343F3 /* SearchViewController.xib in Resources */,
				80710A6D1B7E23D700F343F3 /* Images.xcassets in Resources */,
			);
			runOnlyForDeploymentPostprocessing = 0;
		};
		80710A731B7E23D700F343F3 /* Resources */ = {
			isa = PBXResourcesBuildPhase;
			buildActionMask = 2147483647;
			files = (
			);
			runOnlyForDeploymentPostprocessing = 0;
		};
/* End PBXResourcesBuildPhase section */

/* Begin PBXSourcesBuildPhase section */
		80710A581B7E23D700F343F3 /* Sources */ = {
			isa = PBXSourcesBuildPhase;
			buildActionMask = 2147483647;
			files = (
				80710A681B7E23D700F343F3 /* ViewController.m in Sources */,
				80710A8F1B7E248200F343F3 /* Bank.m in Sources */,
				80710A911B7E248200F343F3 /* SearchViewController+Event.m in Sources */,
				80710A651B7E23D700F343F3 /* AppDelegate.m in Sources */,
				80710A921B7E248200F343F3 /* SearchViewController.m in Sources */,
				80710A621B7E23D700F343F3 /* main.m in Sources */,
			);
			runOnlyForDeploymentPostprocessing = 0;
		};
		80710A711B7E23D700F343F3 /* Sources */ = {
			isa = PBXSourcesBuildPhase;
			buildActionMask = 2147483647;
			files = (
				80710A7C1B7E23D700F343F3 /* SearchDemoTests.m in Sources */,
			);
			runOnlyForDeploymentPostprocessing = 0;
		};
/* End PBXSourcesBuildPhase section */

/* Begin PBXTargetDependency section */
		80710A771B7E23D700F343F3 /* PBXTargetDependency */ = {
			isa = PBXTargetDependency;
			target = 80710A5B1B7E23D700F343F3 /* SearchDemo */;
			targetProxy = 80710A761B7E23D700F343F3 /* PBXContainerItemProxy */;
		};
/* End PBXTargetDependency section */

/* Begin PBXVariantGroup section */
		80710A691B7E23D700F343F3 /* Main.storyboard */ = {
			isa = PBXVariantGroup;
			children = (
				80710A6A1B7E23D700F343F3 /* Base */,
			);
			name = Main.storyboard;
			sourceTree = "<group>";
		};
		80710A6E1B7E23D700F343F3 /* LaunchScreen.xib */ = {
			isa = PBXVariantGroup;
			children = (
				80710A6F1B7E23D700F343F3 /* Base */,
			);
			name = LaunchScreen.xib;
			sourceTree = "<group>";
		};
/* End PBXVariantGroup section */

/* Begin XCBuildConfiguration section */
		80710A7D1B7E23D700F343F3 /* Debug */ = {
			isa = XCBuildConfiguration;
			buildSettings = {
				ALWAYS_SEARCH_USER_PATHS = NO;
				CLANG_CXX_LANGUAGE_STANDARD = "gnu++0x";
				CLANG_CXX_LIBRARY = "libc++";
				CLANG_ENABLE_MODULES = YES;
				CLANG_ENABLE_OBJC_ARC = YES;
				CLANG_WARN_BOOL_CONVERSION = YES;
				CLANG_WARN_CONSTANT_CONVERSION = YES;
				CLANG_WARN_DIRECT_OBJC_ISA_USAGE = YES_ERROR;
				CLANG_WARN_EMPTY_BODY = YES;
				CLANG_WARN_ENUM_CONVERSION = YES;
				CLANG_WARN_INT_CONVERSION = YES;
				CLANG_WARN_OBJC_ROOT_CLASS = YES_ERROR;
				CLANG_WARN_UNREACHABLE_CODE = YES;
				CLANG_WARN__DUPLICATE_METHOD_MATCH = YES;
				"CODE_SIGN_IDENTITY[sdk=iphoneos*]" = "iPhone Developer";
				COPY_PHASE_STRIP = NO;
				DEBUG_INFORMATION_FORMAT = "dwarf-with-dsym";
				ENABLE_STRICT_OBJC_MSGSEND = YES;
				GCC_C_LANGUAGE_STANDARD = gnu99;
				GCC_DYNAMIC_NO_PIC = NO;
				GCC_NO_COMMON_BLOCKS = YES;
				GCC_OPTIMIZATION_LEVEL = 0;
				GCC_PREPROCESSOR_DEFINITIONS = (
					"DEBUG=1",
					"$(inherited)",
				);
				GCC_SYMBOLS_PRIVATE_EXTERN = NO;
				GCC_WARN_64_TO_32_BIT_CONVERSION = YES;
				GCC_WARN_ABOUT_RETURN_TYPE = YES_ERROR;
				GCC_WARN_UNDECLARED_SELECTOR = YES;
				GCC_WARN_UNINITIALIZED_AUTOS = YES_AGGRESSIVE;
				GCC_WARN_UNUSED_FUNCTION = YES;
				GCC_WARN_UNUSED_VARIABLE = YES;
				IPHONEOS_DEPLOYMENT_TARGET = 8.4;
				MTL_ENABLE_DEBUG_INFO = YES;
				ONLY_ACTIVE_ARCH = YES;
				SDKROOT = iphoneos;
			};
			name = Debug;
		};
		80710A7E1B7E23D700F343F3 /* Release */ = {
			isa = XCBuildConfiguration;
			buildSettings = {
				ALWAYS_SEARCH_USER_PATHS = NO;
				CLANG_CXX_LANGUAGE_STANDARD = "gnu++0x";
				CLANG_CXX_LIBRARY = "libc++";
				CLANG_ENABLE_MODULES = YES;
				CLANG_ENABLE_OBJC_ARC = YES;
				CLANG_WARN_BOOL_CONVERSION = YES;
				CLANG_WARN_CONSTANT_CONVERSION = YES;
				CLANG_WARN_DIRECT_OBJC_ISA_USAGE = YES_ERROR;
				CLANG_WARN_EMPTY_BODY = YES;
				CLANG_WARN_ENUM_CONVERSION = YES;
				CLANG_WARN_INT_CONVERSION = YES;
				CLANG_WARN_OBJC_ROOT_CLASS = YES_ERROR;
				CLANG_WARN_UNREACHABLE_CODE = YES;
				CLANG_WARN__DUPLICATE_METHOD_MATCH = YES;
				"CODE_SIGN_IDENTITY[sdk=iphoneos*]" = "iPhone Developer";
				COPY_PHASE_STRIP = NO;
				DEBUG_INFORMATION_FORMAT = "dwarf-with-dsym";
				ENABLE_NS_ASSERTIONS = NO;
				ENABLE_STRICT_OBJC_MSGSEND = YES;
				GCC_C_LANGUAGE_STANDARD = gnu99;
				GCC_NO_COMMON_BLOCKS = YES;
				GCC_WARN_64_TO_32_BIT_CONVERSION = YES;
				GCC_WARN_ABOUT_RETURN_TYPE = YES_ERROR;
				GCC_WARN_UNDECLARED_SELECTOR = YES;
				GCC_WARN_UNINITIALIZED_AUTOS = YES_AGGRESSIVE;
				GCC_WARN_UNUSED_FUNCTION = YES;
				GCC_WARN_UNUSED_VARIABLE = YES;
				IPHONEOS_DEPLOYMENT_TARGET = 8.4;
				MTL_ENABLE_DEBUG_INFO = NO;
				SDKROOT = iphoneos;
				VALIDATE_PRODUCT = YES;
			};
			name = Release;
		};
		80710A801B7E23D700F343F3 /* Debug */ = {
			isa = XCBuildConfiguration;
			buildSettings = {
				ASSETCATALOG_COMPILER_APPICON_NAME = AppIcon;
				INFOPLIST_FILE = SearchDemo/Info.plist;
				LD_RUNPATH_SEARCH_PATHS = "$(inherited) @executable_path/Frameworks";
				PRODUCT_NAME = "$(TARGET_NAME)";
			};
			name = Debug;
		};
		80710A811B7E23D700F343F3 /* Release */ = {
			isa = XCBuildConfiguration;
			buildSettings = {
				ASSETCATALOG_COMPILER_APPICON_NAME = AppIcon;
				INFOPLIST_FILE = SearchDemo/Info.plist;
				LD_RUNPATH_SEARCH_PATHS = "$(inherited) @executable_path/Frameworks";
				PRODUCT_NAME = "$(TARGET_NAME)";
			};
			name = Release;
		};
		80710A831B7E23D700F343F3 /* Debug */ = {
			isa = XCBuildConfiguration;
			buildSettings = {
				BUNDLE_LOADER = "$(TEST_HOST)";
				FRAMEWORK_SEARCH_PATHS = (
					"$(SDKROOT)/Developer/Library/Frameworks",
					"$(inherited)",
				);
				GCC_PREPROCESSOR_DEFINITIONS = (
					"DEBUG=1",
					"$(inherited)",
				);
				INFOPLIST_FILE = SearchDemoTests/Info.plist;
				LD_RUNPATH_SEARCH_PATHS = "$(inherited) @executable_path/Frameworks @loader_path/Frameworks";
				PRODUCT_NAME = "$(TARGET_NAME)";
				TEST_HOST = "$(BUILT_PRODUCTS_DIR)/SearchDemo.app/SearchDemo";
			};
			name = Debug;
		};
		80710A841B7E23D700F343F3 /* Release */ = {
			isa = XCBuildConfiguration;
			buildSettings = {
				BUNDLE_LOADER = "$(TEST_HOST)";
				FRAMEWORK_SEARCH_PATHS = (
					"$(SDKROOT)/Developer/Library/Frameworks",
					"$(inherited)",
				);
				INFOPLIST_FILE = SearchDemoTests/Info.plist;
				LD_RUNPATH_SEARCH_PATHS = "$(inherited) @executable_path/Frameworks @loader_path/Frameworks";
				PRODUCT_NAME = "$(TARGET_NAME)";
				TEST_HOST = "$(BUILT_PRODUCTS_DIR)/SearchDemo.app/SearchDemo";
			};
			name = Release;
		};
/* End XCBuildConfiguration section */

/* Begin XCConfigurationList section */
		80710A571B7E23D700F343F3 /* Build configuration list for PBXProject "SearchDemo" */ = {
			isa = XCConfigurationList;
			buildConfigurations = (
				80710A7D1B7E23D700F343F3 /* Debug */,
				80710A7E1B7E23D700F343F3 /* Release */,
			);
			defaultConfigurationIsVisible = 0;
			defaultConfigurationName = Release;
		};
		80710A7F1B7E23D700F343F3 /* Build configuration list for PBXNativeTarget "SearchDemo" */ = {
			isa = XCConfigurationList;
			buildConfigurations = (
				80710A801B7E23D700F343F3 /* Debug */,
				80710A811B7E23D700F343F3 /* Release */,
			);
			defaultConfigurationIsVisible = 0;
		};
		80710A821B7E23D700F343F3 /* Build configuration list for PBXNativeTarget "SearchDemoTests" */ = {
			isa = XCConfigurationList;
			buildConfigurations = (
				80710A831B7E23D700F343F3 /* Debug */,
				80710A841B7E23D700F343F3 /* Release */,
			);
			defaultConfigurationIsVisible = 0;
		};
/* End XCConfigurationList section */
	};
	rootObject = 80710A541B7E23D700F343F3 /* Project object */;
}
